
Microsoft Visual Studio Solution File, Format Version 12.00
# Visual Studio Version 17
VisualStudioVersion = 17.10.35122.118
MinimumVisualStudioVersion = 10.0.40219.1
Project("{FAE04EC0-301F-11D3-BF4B-00C04F79EFBC}") = "LearningManagementSystem", "LearningManagementSystem\LearningManagementSystem.csproj", "{18D864F0-CE12-4A57-B65A-A1F7FF6B382F}"
EndProject
Global
	GlobalSection(SolutionConfigurationPlatforms) = preSolution
		Debug|Any CPU = Debug|Any CPU
		Release|Any CPU = Release|Any CPU
	EndGlobalSection
	GlobalSection(ProjectConfigurationPlatforms) = postSolution
		{18D864F0-CE12-4A57-B65A-A1F7FF6B382F}.Debug|Any CPU.ActiveCfg = Debug|Any CPU
		{18D864F0-CE12-4A57-B65A-A1F7FF6B382F}.Debug|Any CPU.Build.0 = Debug|Any CPU
		{18D864F0-CE12-4A57-B65A-A1F7FF6B382F}.Release|Any CPU.ActiveCfg = Release|Any CPU
		{18D864F0-CE12-4A57-B65A-A1F7FF6B382F}.Release|Any CPU.Build.0 = Release|Any CPU
	EndGlobalSection
	GlobalSection(SolutionProperties) = preSolution
		HideSolutionNode = FALSE
	EndGlobalSection
	GlobalSection(ExtensibilityGlobals) = postSolution
		SolutionGuid = {14F31C5F-0B86-427F-880B-B8F90B4DBE25}
	EndGlobalSection
EndGlobal
