
Microsoft Visual Studio Solution File, Format Version 12.00
# Visual Studio Version 17
VisualStudioVersion = 17.10.35027.167
MinimumVisualStudioVersion = 10.0.40219.1
Project("{FAE04EC0-301F-11D3-BF4B-00C04F79EFBC}") = "SingletonDemo", "SingletonDemo\SingletonDemo.csproj", "{08A74E69-A2D5-4DEA-B817-0F543E8B56C2}"
EndProject
Global
	GlobalSection(SolutionConfigurationPlatforms) = preSolution
		Debug|Any CPU = Debug|Any CPU
		Release|Any CPU = Release|Any CPU
	EndGlobalSection
	GlobalSection(ProjectConfigurationPlatforms) = postSolution
		{08A74E69-A2D5-4DEA-B817-0F543E8B56C2}.Debug|Any CPU.ActiveCfg = Debug|Any CPU
		{08A74E69-A2D5-4DEA-B817-0F543E8B56C2}.Debug|Any CPU.Build.0 = Debug|Any CPU
		{08A74E69-A2D5-4DEA-B817-0F543E8B56C2}.Release|Any CPU.ActiveCfg = Release|Any CPU
		{08A74E69-A2D5-4DEA-B817-0F543E8B56C2}.Release|Any CPU.Build.0 = Release|Any CPU
	EndGlobalSection
	GlobalSection(SolutionProperties) = preSolution
		HideSolutionNode = FALSE
	EndGlobalSection
	GlobalSection(ExtensibilityGlobals) = postSolution
		SolutionGuid = {8AB9A579-1A72-4BA7-94CE-AA0D66D20203}
	EndGlobalSection
EndGlobal
