
Microsoft Visual Studio Solution File, Format Version 12.00
# Visual Studio Version 17
VisualStudioVersion = 17.10.35013.160
MinimumVisualStudioVersion = 10.0.40219.1
Project("{FAE04EC0-301F-11D3-BF4B-00C04F79EFBC}") = "LearningDatabase", "LearningDatabase\LearningDatabase.csproj", "{BF274E90-A845-45E5-93DA-AA7FEB1A851A}"
	ProjectSection(ProjectDependencies) = postProject
		{82242C2F-2413-46A9-9676-1805709F6265} = {82242C2F-2413-46A9-9676-1805709F6265}
		{D74AAE16-345F-43BB-B456-3E34005785F4} = {D74AAE16-345F-43BB-B456-3E34005785F4}
	EndProjectSection
EndProject
Project("{FAE04EC0-301F-11D3-BF4B-00C04F79EFBC}") = "LearningCrudOperations", "LearningCrudOperations\LearningCrudOperations.csproj", "{82242C2F-2413-46A9-9676-1805709F6265}"
EndProject
Project("{9A19103F-16F7-4668-BE54-9A1E7A4F7556}") = "EntityFramework", "..\EntityFramework\EntityFramework.csproj", "{D74AAE16-345F-43BB-B456-3E34005785F4}"
	ProjectSection(ProjectDependencies) = postProject
		{82242C2F-2413-46A9-9676-1805709F6265} = {82242C2F-2413-46A9-9676-1805709F6265}
	EndProjectSection
EndProject
Global
	GlobalSection(SolutionConfigurationPlatforms) = preSolution
		Debug|Any CPU = Debug|Any CPU
		Release|Any CPU = Release|Any CPU
	EndGlobalSection
	GlobalSection(ProjectConfigurationPlatforms) = postSolution
		{BF274E90-A845-45E5-93DA-AA7FEB1A851A}.Debug|Any CPU.ActiveCfg = Debug|Any CPU
		{BF274E90-A845-45E5-93DA-AA7FEB1A851A}.Debug|Any CPU.Build.0 = Debug|Any CPU
		{BF274E90-A845-45E5-93DA-AA7FEB1A851A}.Release|Any CPU.ActiveCfg = Release|Any CPU
		{BF274E90-A845-45E5-93DA-AA7FEB1A851A}.Release|Any CPU.Build.0 = Release|Any CPU
		{82242C2F-2413-46A9-9676-1805709F6265}.Debug|Any CPU.ActiveCfg = Debug|Any CPU
		{82242C2F-2413-46A9-9676-1805709F6265}.Debug|Any CPU.Build.0 = Debug|Any CPU
		{82242C2F-2413-46A9-9676-1805709F6265}.Release|Any CPU.ActiveCfg = Release|Any CPU
		{82242C2F-2413-46A9-9676-1805709F6265}.Release|Any CPU.Build.0 = Release|Any CPU
		{D74AAE16-345F-43BB-B456-3E34005785F4}.Debug|Any CPU.ActiveCfg = Debug|Any CPU
		{D74AAE16-345F-43BB-B456-3E34005785F4}.Debug|Any CPU.Build.0 = Debug|Any CPU
		{D74AAE16-345F-43BB-B456-3E34005785F4}.Release|Any CPU.ActiveCfg = Release|Any CPU
		{D74AAE16-345F-43BB-B456-3E34005785F4}.Release|Any CPU.Build.0 = Release|Any CPU
	EndGlobalSection
	GlobalSection(SolutionProperties) = preSolution
		HideSolutionNode = FALSE
	EndGlobalSection
	GlobalSection(ExtensibilityGlobals) = postSolution
		SolutionGuid = {BD3D5C54-60FD-4866-B82C-8201944024B8}
	EndGlobalSection
EndGlobal
