
Microsoft Visual Studio Solution File, Format Version 12.00
# Visual Studio Version 17
VisualStudioVersion = 17.10.35013.160
MinimumVisualStudioVersion = 10.0.40219.1
Project("{FAE04EC0-301F-11D3-BF4B-00C04F79EFBC}") = "AccessDemo", "AccessDemo\AccessDemo.csproj", "{AAA54A53-3D2B-4F37-8785-FF590DB938C1}"
EndProject
Project("{FAE04EC0-301F-11D3-BF4B-00C04F79EFBC}") = "AccessDemo2", "AccessDemo2\AccessDemo2.csproj", "{95C720A7-8FF0-4B9A-9CA6-A34A0CC3A57C}"
EndProject
Project("{FAE04EC0-301F-11D3-BF4B-00C04F79EFBC}") = "MOExample", "MOExample\MOExample.csproj", "{86D7AD67-FA56-45CF-9640-D450D7E10FCA}"
EndProject
Global
	GlobalSection(SolutionConfigurationPlatforms) = preSolution
		Debug|Any CPU = Debug|Any CPU
		Release|Any CPU = Release|Any CPU
	EndGlobalSection
	GlobalSection(ProjectConfigurationPlatforms) = postSolution
		{AAA54A53-3D2B-4F37-8785-FF590DB938C1}.Debug|Any CPU.ActiveCfg = Debug|Any CPU
		{AAA54A53-3D2B-4F37-8785-FF590DB938C1}.Debug|Any CPU.Build.0 = Debug|Any CPU
		{AAA54A53-3D2B-4F37-8785-FF590DB938C1}.Release|Any CPU.ActiveCfg = Release|Any CPU
		{AAA54A53-3D2B-4F37-8785-FF590DB938C1}.Release|Any CPU.Build.0 = Release|Any CPU
		{95C720A7-8FF0-4B9A-9CA6-A34A0CC3A57C}.Debug|Any CPU.ActiveCfg = Debug|Any CPU
		{95C720A7-8FF0-4B9A-9CA6-A34A0CC3A57C}.Debug|Any CPU.Build.0 = Debug|Any CPU
		{95C720A7-8FF0-4B9A-9CA6-A34A0CC3A57C}.Release|Any CPU.ActiveCfg = Release|Any CPU
		{95C720A7-8FF0-4B9A-9CA6-A34A0CC3A57C}.Release|Any CPU.Build.0 = Release|Any CPU
		{86D7AD67-FA56-45CF-9640-D450D7E10FCA}.Debug|Any CPU.ActiveCfg = Debug|Any CPU
		{86D7AD67-FA56-45CF-9640-D450D7E10FCA}.Debug|Any CPU.Build.0 = Debug|Any CPU
		{86D7AD67-FA56-45CF-9640-D450D7E10FCA}.Release|Any CPU.ActiveCfg = Release|Any CPU
		{86D7AD67-FA56-45CF-9640-D450D7E10FCA}.Release|Any CPU.Build.0 = Release|Any CPU
	EndGlobalSection
	GlobalSection(SolutionProperties) = preSolution
		HideSolutionNode = FALSE
	EndGlobalSection
	GlobalSection(ExtensibilityGlobals) = postSolution
		SolutionGuid = {7FC3E057-B91D-4856-84E8-F5FA2A61AEC3}
	EndGlobalSection
EndGlobal
