
Microsoft Visual Studio Solution File, Format Version 12.00
# Visual Studio Version 17
VisualStudioVersion = 17.10.35122.118
MinimumVisualStudioVersion = 10.0.40219.1
Project("{FAE04EC0-301F-11D3-BF4B-00C04F79EFBC}") = "RoutingWeb", "RoutingWeb\RoutingWeb.csproj", "{5B63FA7D-704D-4F30-8C20-ACA5D2771610}"
EndProject
Global
	GlobalSection(SolutionConfigurationPlatforms) = preSolution
		Debug|Any CPU = Debug|Any CPU
		Release|Any CPU = Release|Any CPU
	EndGlobalSection
	GlobalSection(ProjectConfigurationPlatforms) = postSolution
		{5B63FA7D-704D-4F30-8C20-ACA5D2771610}.Debug|Any CPU.ActiveCfg = Debug|Any CPU
		{5B63FA7D-704D-4F30-8C20-ACA5D2771610}.Debug|Any CPU.Build.0 = Debug|Any CPU
		{5B63FA7D-704D-4F30-8C20-ACA5D2771610}.Release|Any CPU.ActiveCfg = Release|Any CPU
		{5B63FA7D-704D-4F30-8C20-ACA5D2771610}.Release|Any CPU.Build.0 = Release|Any CPU
	EndGlobalSection
	GlobalSection(SolutionProperties) = preSolution
		HideSolutionNode = FALSE
	EndGlobalSection
	GlobalSection(ExtensibilityGlobals) = postSolution
		SolutionGuid = {3B82D61A-2E70-41DF-8DA3-A6C97A0E9A58}
	EndGlobalSection
EndGlobal
